
Microsoft Visual Studio Solution File, Format Version 11.00
# Visual Studio 2010
Project("{8BC9CEB8-8B4A-11D0-8D11-00A0C91BC942}") = "SlaveProcess", "SlaveProcess\SlaveProcess.vcxproj", "{DC97E192-E3FC-48B2-AD43-226DFB567785}"
EndProject
Global
	GlobalSection(SolutionConfigurationPlatforms) = preSolution
		Debug|Win32 = Debug|Win32
		Release|Win32 = Release|Win32
	EndGlobalSection
	GlobalSection(ProjectConfigurationPlatforms) = postSolution
		{DC97E192-E3FC-48B2-AD43-226DFB567785}.Debug|Win32.ActiveCfg = Debug|Win32
		{DC97E192-E3FC-48B2-AD43-226DFB567785}.Debug|Win32.Build.0 = Debug|Win32
		{DC97E192-E3FC-48B2-AD43-226DFB567785}.Release|Win32.ActiveCfg = Release|Win32
		{DC97E192-E3FC-48B2-AD43-226DFB567785}.Release|Win32.Build.0 = Release|Win32
	EndGlobalSection
	GlobalSection(SolutionProperties) = preSolution
		HideSolutionNode = FALSE
	EndGlobalSection
EndGlobal
